
Microsoft Visual Studio Solution File, Format Version 12.00
# Visual Studio Version 17
VisualStudioVersion = 17.13.35931.197 d17.13
MinimumVisualStudioVersion = 10.0.40219.1
Project("{FAE04EC0-301F-11D3-BF4B-00C04F79EFBC}") = "DevGUI_3", "DevGUI_3\DevGUI_3.csproj", "{80F6531C-CF3A-E4C5-E904-0ECF991CC69E}"
EndProject
Project("{FAE04EC0-301F-11D3-BF4B-00C04F79EFBC}") = "DevGUI_3.Desktop", "DevGUI_3.Desktop\DevGUI_3.Desktop.csproj", "{DBF8C85C-7B92-1187-73C8-CBC904886A01}"
EndProject
Global
	GlobalSection(SolutionConfigurationPlatforms) = preSolution
		Debug|Any CPU = Debug|Any CPU
		Release|Any CPU = Release|Any CPU
	EndGlobalSection
	GlobalSection(ProjectConfigurationPlatforms) = postSolution
		{80F6531C-CF3A-E4C5-E904-0ECF991CC69E}.Debug|Any CPU.ActiveCfg = Debug|Any CPU
		{80F6531C-CF3A-E4C5-E904-0ECF991CC69E}.Debug|Any CPU.Build.0 = Debug|Any CPU
		{80F6531C-CF3A-E4C5-E904-0ECF991CC69E}.Release|Any CPU.ActiveCfg = Release|Any CPU
		{80F6531C-CF3A-E4C5-E904-0ECF991CC69E}.Release|Any CPU.Build.0 = Release|Any CPU
		{DBF8C85C-7B92-1187-73C8-CBC904886A01}.Debug|Any CPU.ActiveCfg = Debug|Any CPU
		{DBF8C85C-7B92-1187-73C8-CBC904886A01}.Debug|Any CPU.Build.0 = Debug|Any CPU
		{DBF8C85C-7B92-1187-73C8-CBC904886A01}.Release|Any CPU.ActiveCfg = Release|Any CPU
		{DBF8C85C-7B92-1187-73C8-CBC904886A01}.Release|Any CPU.Build.0 = Release|Any CPU
	EndGlobalSection
	GlobalSection(SolutionProperties) = preSolution
		HideSolutionNode = FALSE
	EndGlobalSection
	GlobalSection(ExtensibilityGlobals) = postSolution
		SolutionGuid = {2A190020-5412-41AC-B100-78F98603CE0A}
	EndGlobalSection
EndGlobal
